
Microsoft Visual Studio Solution File, Format Version 12.00
# Visual Studio 14
VisualStudioVersion = 14.0.25420.1
MinimumVisualStudioVersion = 10.0.40219.1
Project("{F184B08F-C81C-45F6-A57F-5ABD9991F28F}") = "Mims_Christy Newlite Construction", "Mims_Christy Newlite Construction\Mims_Christy Newlite Construction.vbproj", "{938D815B-ED4E-4582-9CBD-C3B924336666}"
EndProject
Global
	GlobalSection(SolutionConfigurationPlatforms) = preSolution
		Debug|Any CPU = Debug|Any CPU
		Release|Any CPU = Release|Any CPU
	EndGlobalSection
	GlobalSection(ProjectConfigurationPlatforms) = postSolution
		{938D815B-ED4E-4582-9CBD-C3B924336666}.Debug|Any CPU.ActiveCfg = Debug|Any CPU
		{938D815B-ED4E-4582-9CBD-C3B924336666}.Debug|Any CPU.Build.0 = Debug|Any CPU
		{938D815B-ED4E-4582-9CBD-C3B924336666}.Release|Any CPU.ActiveCfg = Release|Any CPU
		{938D815B-ED4E-4582-9CBD-C3B924336666}.Release|Any CPU.Build.0 = Release|Any CPU
	EndGlobalSection
	GlobalSection(SolutionProperties) = preSolution
		HideSolutionNode = FALSE
	EndGlobalSection
EndGlobal
